{
  "requires": true,
  "lockfileVersion": 1,
  "dependencies": {
    "lenis": {
      "version": "1.3.17",
      "resolved": "https://registry.npmjs.org/lenis/-/lenis-1.3.17.tgz",
      "integrity": "sha512-k9T9rgcxne49ggJOvXCraWn5dt7u2mO+BNkhyu6yxuEnm9c092kAW5Bus5SO211zUvx7aCCEtzy9UWr0RB+oJw=="
    }
  }
}
